
Microsoft Visual Studio Solution File, Format Version 12.00
# Visual Studio Version 16
VisualStudioVersion = 16.0.29418.71
MinimumVisualStudioVersion = 10.0.40219.1
Project("{9A19103F-16F7-4668-BE54-9A1E7A4F7556}") = "WickDownloaderSharp", "WickDownloaderSharp\WickDownloaderSharp.csproj", "{03267A0D-80A3-4475-A514-2532EE17BBB2}"
EndProject
Project("{FAE04EC0-301F-11D3-BF4B-00C04F79EFBC}") = "DownloaderTest", "DownloaderTest\DownloaderTest.csproj", "{CEDB16B4-4C5B-4A2D-8EDE-A7E2C6016EB7}"
EndProject
Global
	GlobalSection(SolutionConfigurationPlatforms) = preSolution
		Debug|Any CPU = Debug|Any CPU
		Debug|x64 = Debug|x64
		Release|Any CPU = Release|Any CPU
		Release|x64 = Release|x64
	EndGlobalSection
	GlobalSection(ProjectConfigurationPlatforms) = postSolution
		{03267A0D-80A3-4475-A514-2532EE17BBB2}.Debug|Any CPU.ActiveCfg = Debug|Any CPU
		{03267A0D-80A3-4475-A514-2532EE17BBB2}.Debug|Any CPU.Build.0 = Debug|Any CPU
		{03267A0D-80A3-4475-A514-2532EE17BBB2}.Debug|x64.ActiveCfg = Debug|x64
		{03267A0D-80A3-4475-A514-2532EE17BBB2}.Debug|x64.Build.0 = Debug|x64
		{03267A0D-80A3-4475-A514-2532EE17BBB2}.Release|Any CPU.ActiveCfg = Debug|Any CPU
		{03267A0D-80A3-4475-A514-2532EE17BBB2}.Release|Any CPU.Build.0 = Debug|Any CPU
		{03267A0D-80A3-4475-A514-2532EE17BBB2}.Release|x64.ActiveCfg = Debug|x64
		{03267A0D-80A3-4475-A514-2532EE17BBB2}.Release|x64.Build.0 = Debug|x64
		{CEDB16B4-4C5B-4A2D-8EDE-A7E2C6016EB7}.Debug|Any CPU.ActiveCfg = Debug|Any CPU
		{CEDB16B4-4C5B-4A2D-8EDE-A7E2C6016EB7}.Debug|Any CPU.Build.0 = Debug|Any CPU
		{CEDB16B4-4C5B-4A2D-8EDE-A7E2C6016EB7}.Debug|x64.ActiveCfg = Debug|x64
		{CEDB16B4-4C5B-4A2D-8EDE-A7E2C6016EB7}.Debug|x64.Build.0 = Debug|x64
		{CEDB16B4-4C5B-4A2D-8EDE-A7E2C6016EB7}.Release|Any CPU.ActiveCfg = Debug|Any CPU
		{CEDB16B4-4C5B-4A2D-8EDE-A7E2C6016EB7}.Release|Any CPU.Build.0 = Debug|Any CPU
		{CEDB16B4-4C5B-4A2D-8EDE-A7E2C6016EB7}.Release|x64.ActiveCfg = Debug|x64
		{CEDB16B4-4C5B-4A2D-8EDE-A7E2C6016EB7}.Release|x64.Build.0 = Debug|x64
	EndGlobalSection
	GlobalSection(SolutionProperties) = preSolution
		HideSolutionNode = FALSE
	EndGlobalSection
	GlobalSection(ExtensibilityGlobals) = postSolution
		SolutionGuid = {6D857C58-AE32-4983-BE02-A362C495D59D}
	EndGlobalSection
EndGlobal
